
Microsoft Visual Studio Solution File, Format Version 12.00
# Visual Studio Version 17
VisualStudioVersion = 17.6.33723.286
MinimumVisualStudioVersion = 10.0.40219.1
Project("{2150E333-8FDC-42A3-9474-1A3956D46DE8}") = "Core", "Core", "{459DD6DD-0DA4-4156-8758-416178EBD59A}"
EndProject
Project("{2150E333-8FDC-42A3-9474-1A3956D46DE8}") = "Adapters", "Adapters", "{199E12C6-8219-439C-98A4-72CB30148D7C}"
EndProject
Project("{2150E333-8FDC-42A3-9474-1A3956D46DE8}") = "Consumers", "Consumers", "{CB80A098-2406-45A8-96CB-49651CB9F9C1}"
EndProject
Project("{2150E333-8FDC-42A3-9474-1A3956D46DE8}") = "Tests", "Tests", "{CA076DAB-7E31-442F-8910-F4600A141ABD}"
EndProject
Project("{9A19103F-16F7-4668-BE54-9A1E7A4F7556}") = "Application", "Core\Application\Application.csproj", "{E0199777-83A7-4BDC-8F65-AB45D3A09DBE}"
EndProject
Project("{9A19103F-16F7-4668-BE54-9A1E7A4F7556}") = "Domain", "Core\Domain\Domain.csproj", "{D299E261-DAD4-415D-A4A7-77A47C0FBB96}"
EndProject
Project("{2150E333-8FDC-42A3-9474-1A3956D46DE8}") = "Core", "Core", "{11983BE4-EB9E-498F-B46D-7E2D88C21605}"
EndProject
Project("{9A19103F-16F7-4668-BE54-9A1E7A4F7556}") = "ApplicationTests", "Tests\Core\ApplicationTests\ApplicationTests.csproj", "{009DBFB7-64F1-424A-B0F7-571F0F16F10E}"
EndProject
Project("{9A19103F-16F7-4668-BE54-9A1E7A4F7556}") = "DomainTests", "Tests\Core\DomainTests\DomainTests.csproj", "{2EF67FA7-38EA-46D9-98FD-0B07520F8340}"
EndProject
Project("{9A19103F-16F7-4668-BE54-9A1E7A4F7556}") = "API", "Consumers\API\API.csproj", "{0EDDB3E1-0C2F-4A7A-84E0-58BC73148E29}"
EndProject
Project("{9A19103F-16F7-4668-BE54-9A1E7A4F7556}") = "Data", "Adapters\Data\Data.csproj", "{018D0E07-936D-413D-8B96-8BB66E5FFF63}"
EndProject
Project("{FAE04EC0-301F-11D3-BF4B-00C04F79EFBC}") = "Queue", "Adapters\Queue\Queue.csproj", "{4C0381E2-8E92-4D90-9F64-495E6FAC43DC}"
EndProject
Global
	GlobalSection(SolutionConfigurationPlatforms) = preSolution
		Debug|Any CPU = Debug|Any CPU
		Release|Any CPU = Release|Any CPU
	EndGlobalSection
	GlobalSection(ProjectConfigurationPlatforms) = postSolution
		{E0199777-83A7-4BDC-8F65-AB45D3A09DBE}.Debug|Any CPU.ActiveCfg = Debug|Any CPU
		{E0199777-83A7-4BDC-8F65-AB45D3A09DBE}.Debug|Any CPU.Build.0 = Debug|Any CPU
		{E0199777-83A7-4BDC-8F65-AB45D3A09DBE}.Release|Any CPU.ActiveCfg = Release|Any CPU
		{E0199777-83A7-4BDC-8F65-AB45D3A09DBE}.Release|Any CPU.Build.0 = Release|Any CPU
		{D299E261-DAD4-415D-A4A7-77A47C0FBB96}.Debug|Any CPU.ActiveCfg = Debug|Any CPU
		{D299E261-DAD4-415D-A4A7-77A47C0FBB96}.Debug|Any CPU.Build.0 = Debug|Any CPU
		{D299E261-DAD4-415D-A4A7-77A47C0FBB96}.Release|Any CPU.ActiveCfg = Release|Any CPU
		{D299E261-DAD4-415D-A4A7-77A47C0FBB96}.Release|Any CPU.Build.0 = Release|Any CPU
		{009DBFB7-64F1-424A-B0F7-571F0F16F10E}.Debug|Any CPU.ActiveCfg = Debug|Any CPU
		{009DBFB7-64F1-424A-B0F7-571F0F16F10E}.Debug|Any CPU.Build.0 = Debug|Any CPU
		{009DBFB7-64F1-424A-B0F7-571F0F16F10E}.Release|Any CPU.ActiveCfg = Release|Any CPU
		{009DBFB7-64F1-424A-B0F7-571F0F16F10E}.Release|Any CPU.Build.0 = Release|Any CPU
		{2EF67FA7-38EA-46D9-98FD-0B07520F8340}.Debug|Any CPU.ActiveCfg = Debug|Any CPU
		{2EF67FA7-38EA-46D9-98FD-0B07520F8340}.Debug|Any CPU.Build.0 = Debug|Any CPU
		{2EF67FA7-38EA-46D9-98FD-0B07520F8340}.Release|Any CPU.ActiveCfg = Release|Any CPU
		{2EF67FA7-38EA-46D9-98FD-0B07520F8340}.Release|Any CPU.Build.0 = Release|Any CPU
		{0EDDB3E1-0C2F-4A7A-84E0-58BC73148E29}.Debug|Any CPU.ActiveCfg = Debug|Any CPU
		{0EDDB3E1-0C2F-4A7A-84E0-58BC73148E29}.Debug|Any CPU.Build.0 = Debug|Any CPU
		{0EDDB3E1-0C2F-4A7A-84E0-58BC73148E29}.Release|Any CPU.ActiveCfg = Release|Any CPU
		{0EDDB3E1-0C2F-4A7A-84E0-58BC73148E29}.Release|Any CPU.Build.0 = Release|Any CPU
		{018D0E07-936D-413D-8B96-8BB66E5FFF63}.Debug|Any CPU.ActiveCfg = Debug|Any CPU
		{018D0E07-936D-413D-8B96-8BB66E5FFF63}.Debug|Any CPU.Build.0 = Debug|Any CPU
		{018D0E07-936D-413D-8B96-8BB66E5FFF63}.Release|Any CPU.ActiveCfg = Release|Any CPU
		{018D0E07-936D-413D-8B96-8BB66E5FFF63}.Release|Any CPU.Build.0 = Release|Any CPU
		{4C0381E2-8E92-4D90-9F64-495E6FAC43DC}.Debug|Any CPU.ActiveCfg = Debug|Any CPU
		{4C0381E2-8E92-4D90-9F64-495E6FAC43DC}.Debug|Any CPU.Build.0 = Debug|Any CPU
		{4C0381E2-8E92-4D90-9F64-495E6FAC43DC}.Release|Any CPU.ActiveCfg = Release|Any CPU
		{4C0381E2-8E92-4D90-9F64-495E6FAC43DC}.Release|Any CPU.Build.0 = Release|Any CPU
	EndGlobalSection
	GlobalSection(SolutionProperties) = preSolution
		HideSolutionNode = FALSE
	EndGlobalSection
	GlobalSection(NestedProjects) = preSolution
		{E0199777-83A7-4BDC-8F65-AB45D3A09DBE} = {459DD6DD-0DA4-4156-8758-416178EBD59A}
		{D299E261-DAD4-415D-A4A7-77A47C0FBB96} = {459DD6DD-0DA4-4156-8758-416178EBD59A}
		{11983BE4-EB9E-498F-B46D-7E2D88C21605} = {CA076DAB-7E31-442F-8910-F4600A141ABD}
		{009DBFB7-64F1-424A-B0F7-571F0F16F10E} = {11983BE4-EB9E-498F-B46D-7E2D88C21605}
		{2EF67FA7-38EA-46D9-98FD-0B07520F8340} = {11983BE4-EB9E-498F-B46D-7E2D88C21605}
		{0EDDB3E1-0C2F-4A7A-84E0-58BC73148E29} = {CB80A098-2406-45A8-96CB-49651CB9F9C1}
		{018D0E07-936D-413D-8B96-8BB66E5FFF63} = {199E12C6-8219-439C-98A4-72CB30148D7C}
		{4C0381E2-8E92-4D90-9F64-495E6FAC43DC} = {199E12C6-8219-439C-98A4-72CB30148D7C}
	EndGlobalSection
	GlobalSection(ExtensibilityGlobals) = postSolution
		SolutionGuid = {FAD074B3-3788-4556-B5DC-36C78D79B706}
	EndGlobalSection
EndGlobal
